<?xml version="1.0" encoding="utf-8"?>
<Project ToolsVersion="4.0" xmlns="http://schemas.microsoft.com/developer/msbuild/2003">
  <ItemGroup>
    <Filter Include="Source Files">
      <UniqueIdentifier>{4FC737F1-C7A5-4376-A066-2A32D752A2FF}</UniqueIdentifier>
      <Extensions>cpp;c;cc;cxx;def;odl;idl;hpj;bat;asm;asmx</Extensions>
    </Filter>
    <Filter Include="Source Files\app">
      <UniqueIdentifier>{d849dd92-029b-423c-8df2-b379ea42ac6f}</UniqueIdentifier>
    </Filter>
    <Filter Include="Source Files\common">
      <UniqueIdentifier>{3497fdad-950e-498d-8a3f-4fb25d9a6d6f}</UniqueIdentifier>
    </Filter>
  </ItemGroup>
  <ItemGroup>
    <ClCompile Include="pch.cpp">
      <Filter>Source Files</Filter>
    </ClCompile>
    <ClCompile Include="server_main.cpp">
      <Filter>Source Files\app</Filter>
    </ClCompile>
    <ClCompile Include="..\common\network\network_main.cpp">
      <Filter>Source Files\common</Filter>
    </ClCompile>
    <ClCompile Include="..\common\engine\engine_utilities.cpp">
      <Filter>Source Files\common</Filter>
    </ClCompile>
    <ClCompile Include="..\common\network\network_address.cpp">
      <Filter>Source Files\common</Filter>
    </ClCompile>
    <ClCompile Include="..\common\network\network_sockets.cpp">
      <Filter>Source Files\common</Filter>
    </ClCompile>
  </ItemGroup>
  <ItemGroup>
    <ClInclude Include="pch.hpp">
      <Filter>Source Files</Filter>
    </ClInclude>
    <ClInclude Include="..\common\network\network_main.hpp">
      <Filter>Source Files\common</Filter>
    </ClInclude>
    <ClInclude Include="..\common\network\network_address.hpp">
      <Filter>Source Files\common</Filter>
    </ClInclude>
    <ClInclude Include="server_main.hpp">
      <Filter>Source Files\app</Filter>
    </ClInclude>
    <ClInclude Include="..\common\engine\engine_step_timer.hpp">
      <Filter>Source Files\common</Filter>
    </ClInclude>
    <ClInclude Include="..\common\network\network_sockets.hpp">
      <Filter>Source Files\common</Filter>
    </ClInclude>
  </ItemGroup>
</Project>