<?xml version="1.0" encoding="utf-8"?>
<Project ToolsVersion="4.0" xmlns="http://schemas.microsoft.com/developer/msbuild/2003">
  <ItemGroup>
    <Filter Include="app">
      <UniqueIdentifier>{b8d8360f-a6f8-44a2-b0df-78280f1230ca}</UniqueIdentifier>
    </Filter>
    <Filter Include="common">
      <UniqueIdentifier>{38455fa9-fc71-44fa-851f-a96243a22068}</UniqueIdentifier>
    </Filter>
    <Filter Include="common\app">
      <UniqueIdentifier>{8906e1a5-831a-428d-a8b6-4b5904c128c4}</UniqueIdentifier>
    </Filter>
    <Filter Include="common\engine">
      <UniqueIdentifier>{bd7bda4c-58a7-480a-8667-4ea844327d59}</UniqueIdentifier>
    </Filter>
    <Filter Include="common\engine\network">
      <UniqueIdentifier>{52a875cd-ee8c-48b0-a8c8-0104858e63e0}</UniqueIdentifier>
    </Filter>
    <Filter Include="engine">
      <UniqueIdentifier>{657a7e98-c084-42f1-b5da-163ef8026491}</UniqueIdentifier>
    </Filter>
    <Filter Include="engine\graphics">
      <UniqueIdentifier>{2188495a-850e-495e-b677-3761c7c939e9}</UniqueIdentifier>
    </Filter>
    <Filter Include="engine\gui">
      <UniqueIdentifier>{0f220f46-50ba-44a8-afed-3a7b5c37cd00}</UniqueIdentifier>
    </Filter>
    <Filter Include="engine\network">
      <UniqueIdentifier>{92dcc508-3daf-4b56-9cbb-272c9c27ca33}</UniqueIdentifier>
    </Filter>
  </ItemGroup>
  <ItemGroup>
    <ClCompile Include="client_main.cpp" />
    <ClCompile Include="pch.cpp" />
    <ClCompile Include="app\app_client.cpp">
      <Filter>app</Filter>
    </ClCompile>
    <ClCompile Include="app\app_window.cpp">
      <Filter>app</Filter>
    </ClCompile>
    <ClCompile Include="..\common\engine\engine_memory.cpp">
      <Filter>common\engine</Filter>
    </ClCompile>
    <ClCompile Include="..\common\engine\engine_resources.cpp">
      <Filter>common\engine</Filter>
    </ClCompile>
    <ClCompile Include="..\common\engine\engine_scripts.cpp">
      <Filter>common\engine</Filter>
    </ClCompile>
    <ClCompile Include="..\common\engine\engine_utilities.cpp">
      <Filter>common\engine</Filter>
    </ClCompile>
    <ClCompile Include="..\common\engine\network\network_address.cpp">
      <Filter>common\engine\network</Filter>
    </ClCompile>
    <ClCompile Include="..\common\engine\network\network_buffers.cpp">
      <Filter>common\engine\network</Filter>
    </ClCompile>
    <ClCompile Include="..\common\engine\network\network_main.cpp">
      <Filter>common\engine\network</Filter>
    </ClCompile>
    <ClCompile Include="..\common\engine\network\network_matchmaking.cpp">
      <Filter>common\engine\network</Filter>
    </ClCompile>
    <ClCompile Include="..\common\engine\network\network_message.cpp">
      <Filter>common\engine\network</Filter>
    </ClCompile>
    <ClCompile Include="..\common\engine\network\network_reliable_endpoint.cpp">
      <Filter>common\engine\network</Filter>
    </ClCompile>
    <ClCompile Include="..\common\engine\network\network_sockets.cpp">
      <Filter>common\engine\network</Filter>
    </ClCompile>
    <ClCompile Include="engine\graphics\graphics_adapter.cpp">
      <Filter>engine\graphics</Filter>
    </ClCompile>
    <ClCompile Include="engine\graphics\graphics_camera.cpp">
      <Filter>engine\graphics</Filter>
    </ClCompile>
    <ClCompile Include="engine\graphics\graphics_shaders.cpp">
      <Filter>engine\graphics</Filter>
    </ClCompile>
    <ClCompile Include="engine\gui\gui_renderer.cpp">
      <Filter>engine\gui</Filter>
    </ClCompile>
    <ClCompile Include="engine\network\network_connection.cpp">
      <Filter>engine\network</Filter>
    </ClCompile>
    <ClCompile Include="..\common\engine\engine_hex.cpp">
      <Filter>common\engine</Filter>
    </ClCompile>
  </ItemGroup>
  <ItemGroup>
    <ClInclude Include="pch.hpp" />
    <ClInclude Include="app\app_client.hpp">
      <Filter>app</Filter>
    </ClInclude>
    <ClInclude Include="..\common\app\app_sojourn.hpp">
      <Filter>common\app</Filter>
    </ClInclude>
    <ClInclude Include="app\app_window.hpp">
      <Filter>app</Filter>
    </ClInclude>
    <ClInclude Include="..\common\engine\engine_memory.hpp">
      <Filter>common\engine</Filter>
    </ClInclude>
    <ClInclude Include="..\common\engine\engine_resources.hpp">
      <Filter>common\engine</Filter>
    </ClInclude>
    <ClInclude Include="..\common\engine\engine_scripts.hpp">
      <Filter>common\engine</Filter>
    </ClInclude>
    <ClInclude Include="..\common\engine\engine_step_timer.hpp">
      <Filter>common\engine</Filter>
    </ClInclude>
    <ClInclude Include="..\common\engine\engine_utilities.hpp">
      <Filter>common\engine</Filter>
    </ClInclude>
    <ClInclude Include="..\common\engine\network\network_address.hpp">
      <Filter>common\engine\network</Filter>
    </ClInclude>
    <ClInclude Include="..\common\engine\network\network_buffers.hpp">
      <Filter>common\engine\network</Filter>
    </ClInclude>
    <ClInclude Include="..\common\engine\network\network_main.hpp">
      <Filter>common\engine\network</Filter>
    </ClInclude>
    <ClInclude Include="..\common\engine\network\network_matchmaking.hpp">
      <Filter>common\engine\network</Filter>
    </ClInclude>
    <ClInclude Include="..\common\engine\network\network_message.hpp">
      <Filter>common\engine\network</Filter>
    </ClInclude>
    <ClInclude Include="..\common\engine\network\network_platform.hpp">
      <Filter>common\engine\network</Filter>
    </ClInclude>
    <ClInclude Include="..\common\engine\network\network_reliable_endpoint.hpp">
      <Filter>common\engine\network</Filter>
    </ClInclude>
    <ClInclude Include="..\common\engine\network\network_sockets.hpp">
      <Filter>common\engine\network</Filter>
    </ClInclude>
    <ClInclude Include="..\common\engine\network\network_types.hpp">
      <Filter>common\engine\network</Filter>
    </ClInclude>
    <ClInclude Include="engine\graphics\graphics_adapter.hpp">
      <Filter>engine\graphics</Filter>
    </ClInclude>
    <ClInclude Include="engine\graphics\graphics_camera.hpp">
      <Filter>engine\graphics</Filter>
    </ClInclude>
    <ClInclude Include="engine\graphics\graphics_shaders.hpp">
      <Filter>engine\graphics</Filter>
    </ClInclude>
    <ClInclude Include="engine\graphics\graphics_utilities.hpp">
      <Filter>engine\graphics</Filter>
    </ClInclude>
    <ClInclude Include="engine\gui\gui_renderer.hpp">
      <Filter>engine\gui</Filter>
    </ClInclude>
    <ClInclude Include="engine\network\network_client_config.hpp">
      <Filter>engine\network</Filter>
    </ClInclude>
    <ClInclude Include="engine\network\network_connection.hpp">
      <Filter>engine\network</Filter>
    </ClInclude>
    <ClInclude Include="..\common\engine\engine_hex.hpp">
      <Filter>common\engine</Filter>
    </ClInclude>
    <ClInclude Include="..\common\engine\engine_math.hpp">
      <Filter>common\engine</Filter>
    </ClInclude>
  </ItemGroup>
</Project>